
Microsoft Visual Studio Solution File, Format Version 12.00
# Visual Studio 2012
Project("{FAE04EC0-301F-11D3-BF4B-00C04F79EFBC}") = "Kiosk", "Kiosk\Kiosk.csproj", "{BF3F0E50-67AC-4AD1-ADCC-A796D5140359}"
EndProject
Project("{FAE04EC0-301F-11D3-BF4B-00C04F79EFBC}") = "Kiosk.iOS", "iOS\Kiosk.iOS.csproj", "{3CFAEAFE-2C27-46C9-AD9B-0A818A9DC3A9}"
EndProject
Project("{FAE04EC0-301F-11D3-BF4B-00C04F79EFBC}") = "Kiosk.Droid", "Droid\Kiosk.Droid.csproj", "{F96A8C66-DD8C-47BE-9288-4D6B0C8868AB}"
EndProject
Global
	GlobalSection(SolutionConfigurationPlatforms) = preSolution
		Debug|Any CPU = Debug|Any CPU
		Release|Any CPU = Release|Any CPU
		Debug|iPhoneSimulator = Debug|iPhoneSimulator
		Release|iPhone = Release|iPhone
		Release|iPhoneSimulator = Release|iPhoneSimulator
		Debug|iPhone = Debug|iPhone
	EndGlobalSection
	GlobalSection(ProjectConfigurationPlatforms) = postSolution
		{3CFAEAFE-2C27-46C9-AD9B-0A818A9DC3A9}.Debug|Any CPU.ActiveCfg = Debug|iPhoneSimulator
		{3CFAEAFE-2C27-46C9-AD9B-0A818A9DC3A9}.Debug|Any CPU.Build.0 = Debug|iPhoneSimulator
		{3CFAEAFE-2C27-46C9-AD9B-0A818A9DC3A9}.Debug|iPhone.ActiveCfg = Debug|iPhone
		{3CFAEAFE-2C27-46C9-AD9B-0A818A9DC3A9}.Debug|iPhone.Build.0 = Debug|iPhone
		{3CFAEAFE-2C27-46C9-AD9B-0A818A9DC3A9}.Debug|iPhoneSimulator.ActiveCfg = Debug|iPhoneSimulator
		{3CFAEAFE-2C27-46C9-AD9B-0A818A9DC3A9}.Debug|iPhoneSimulator.Build.0 = Debug|iPhoneSimulator
		{3CFAEAFE-2C27-46C9-AD9B-0A818A9DC3A9}.Release|Any CPU.ActiveCfg = Release|iPhone
		{3CFAEAFE-2C27-46C9-AD9B-0A818A9DC3A9}.Release|Any CPU.Build.0 = Release|iPhone
		{3CFAEAFE-2C27-46C9-AD9B-0A818A9DC3A9}.Release|iPhone.ActiveCfg = Release|iPhone
		{3CFAEAFE-2C27-46C9-AD9B-0A818A9DC3A9}.Release|iPhone.Build.0 = Release|iPhone
		{3CFAEAFE-2C27-46C9-AD9B-0A818A9DC3A9}.Release|iPhoneSimulator.ActiveCfg = Release|iPhoneSimulator
		{3CFAEAFE-2C27-46C9-AD9B-0A818A9DC3A9}.Release|iPhoneSimulator.Build.0 = Release|iPhoneSimulator
		{BF3F0E50-67AC-4AD1-ADCC-A796D5140359}.Debug|Any CPU.ActiveCfg = Debug|Any CPU
		{BF3F0E50-67AC-4AD1-ADCC-A796D5140359}.Debug|Any CPU.Build.0 = Debug|Any CPU
		{BF3F0E50-67AC-4AD1-ADCC-A796D5140359}.Debug|iPhone.ActiveCfg = Debug|Any CPU
		{BF3F0E50-67AC-4AD1-ADCC-A796D5140359}.Debug|iPhone.Build.0 = Debug|Any CPU
		{BF3F0E50-67AC-4AD1-ADCC-A796D5140359}.Debug|iPhoneSimulator.ActiveCfg = Debug|Any CPU
		{BF3F0E50-67AC-4AD1-ADCC-A796D5140359}.Debug|iPhoneSimulator.Build.0 = Debug|Any CPU
		{BF3F0E50-67AC-4AD1-ADCC-A796D5140359}.Release|Any CPU.ActiveCfg = Release|Any CPU
		{BF3F0E50-67AC-4AD1-ADCC-A796D5140359}.Release|Any CPU.Build.0 = Release|Any CPU
		{BF3F0E50-67AC-4AD1-ADCC-A796D5140359}.Release|iPhone.ActiveCfg = Release|Any CPU
		{BF3F0E50-67AC-4AD1-ADCC-A796D5140359}.Release|iPhone.Build.0 = Release|Any CPU
		{BF3F0E50-67AC-4AD1-ADCC-A796D5140359}.Release|iPhoneSimulator.ActiveCfg = Release|Any CPU
		{BF3F0E50-67AC-4AD1-ADCC-A796D5140359}.Release|iPhoneSimulator.Build.0 = Release|Any CPU
		{F96A8C66-DD8C-47BE-9288-4D6B0C8868AB}.Debug|Any CPU.ActiveCfg = Debug|Any CPU
		{F96A8C66-DD8C-47BE-9288-4D6B0C8868AB}.Debug|Any CPU.Build.0 = Debug|Any CPU
		{F96A8C66-DD8C-47BE-9288-4D6B0C8868AB}.Debug|iPhone.ActiveCfg = Debug|Any CPU
		{F96A8C66-DD8C-47BE-9288-4D6B0C8868AB}.Debug|iPhone.Build.0 = Debug|Any CPU
		{F96A8C66-DD8C-47BE-9288-4D6B0C8868AB}.Debug|iPhoneSimulator.ActiveCfg = Debug|Any CPU
		{F96A8C66-DD8C-47BE-9288-4D6B0C8868AB}.Debug|iPhoneSimulator.Build.0 = Debug|Any CPU
		{F96A8C66-DD8C-47BE-9288-4D6B0C8868AB}.Release|Any CPU.ActiveCfg = Release|Any CPU
		{F96A8C66-DD8C-47BE-9288-4D6B0C8868AB}.Release|Any CPU.Build.0 = Release|Any CPU
		{F96A8C66-DD8C-47BE-9288-4D6B0C8868AB}.Release|iPhone.ActiveCfg = Release|Any CPU
		{F96A8C66-DD8C-47BE-9288-4D6B0C8868AB}.Release|iPhone.Build.0 = Release|Any CPU
		{F96A8C66-DD8C-47BE-9288-4D6B0C8868AB}.Release|iPhoneSimulator.ActiveCfg = Release|Any CPU
		{F96A8C66-DD8C-47BE-9288-4D6B0C8868AB}.Release|iPhoneSimulator.Build.0 = Release|Any CPU
	EndGlobalSection
EndGlobal
